
Microsoft Visual Studio Solution File, Format Version 12.00
# Visual Studio Version 17
VisualStudioVersion = 17.11.35312.102
MinimumVisualStudioVersion = 10.0.40219.1
Project("{8BC9CEB8-8B4A-11D0-8D11-00A0C91BC942}") = "MakeMatrixForFractal", "MakeMatrixForFractal.vcxproj", "{7115E8DF-0510-4B6C-9929-060908F59178}"
EndProject
Global
	GlobalSection(SolutionConfigurationPlatforms) = preSolution
		Debug|x64 = Debug|x64
		Debug|x86 = Debug|x86
		Release|x64 = Release|x64
		Release|x86 = Release|x86
	EndGlobalSection
	GlobalSection(ProjectConfigurationPlatforms) = postSolution
		{7115E8DF-0510-4B6C-9929-060908F59178}.Debug|x64.ActiveCfg = Debug|x64
		{7115E8DF-0510-4B6C-9929-060908F59178}.Debug|x64.Build.0 = Debug|x64
		{7115E8DF-0510-4B6C-9929-060908F59178}.Debug|x86.ActiveCfg = Debug|Win32
		{7115E8DF-0510-4B6C-9929-060908F59178}.Debug|x86.Build.0 = Debug|Win32
		{7115E8DF-0510-4B6C-9929-060908F59178}.Release|x64.ActiveCfg = Release|x64
		{7115E8DF-0510-4B6C-9929-060908F59178}.Release|x64.Build.0 = Release|x64
		{7115E8DF-0510-4B6C-9929-060908F59178}.Release|x86.ActiveCfg = Release|x64
		{7115E8DF-0510-4B6C-9929-060908F59178}.Release|x86.Build.0 = Release|x64
	EndGlobalSection
	GlobalSection(SolutionProperties) = preSolution
		HideSolutionNode = FALSE
	EndGlobalSection
	GlobalSection(ExtensibilityGlobals) = postSolution
		SolutionGuid = {0222E895-F3F2-45D2-915C-F68F4FDA80C0}
	EndGlobalSection
EndGlobal
